
Microsoft Visual Studio Solution File, Format Version 12.00
# Visual Studio Version 17
VisualStudioVersion = 17.8.34330.188
MinimumVisualStudioVersion = 10.0.40219.1
Project("{FAE04EC0-301F-11D3-BF4B-00C04F79EFBC}") = "Calculator", "Calculator\Calculator.csproj", "{83F48BC2-2FAB-456D-8610-09D4AD6D1D4E}"
EndProject
Global
	GlobalSection(SolutionConfigurationPlatforms) = preSolution
		Debug|Any CPU = Debug|Any CPU
		Release|Any CPU = Release|Any CPU
	EndGlobalSection
	GlobalSection(ProjectConfigurationPlatforms) = postSolution
		{83F48BC2-2FAB-456D-8610-09D4AD6D1D4E}.Debug|Any CPU.ActiveCfg = Debug|Any CPU
		{83F48BC2-2FAB-456D-8610-09D4AD6D1D4E}.Debug|Any CPU.Build.0 = Debug|Any CPU
		{83F48BC2-2FAB-456D-8610-09D4AD6D1D4E}.Release|Any CPU.ActiveCfg = Release|Any CPU
		{83F48BC2-2FAB-456D-8610-09D4AD6D1D4E}.Release|Any CPU.Build.0 = Release|Any CPU
	EndGlobalSection
	GlobalSection(SolutionProperties) = preSolution
		HideSolutionNode = FALSE
	EndGlobalSection
	GlobalSection(ExtensibilityGlobals) = postSolution
		SolutionGuid = {285FA7EA-7B4C-4592-9B16-559E9A07287B}
	EndGlobalSection
EndGlobal
